
Microsoft Visual Studio Solution File, Format Version 12.00
# Visual Studio Version 17
VisualStudioVersion = 17.3.32825.248
MinimumVisualStudioVersion = 10.0.40219.1
Project("{FAE04EC0-301F-11D3-BF4B-00C04F79EFBC}") = "Social Brothers case", "Social Brothers case\Social Brothers case.csproj", "{A7110701-EF24-4233-9753-D15D84F37270}"
EndProject
Global
	GlobalSection(SolutionConfigurationPlatforms) = preSolution
		Debug|Any CPU = Debug|Any CPU
		Release|Any CPU = Release|Any CPU
	EndGlobalSection
	GlobalSection(ProjectConfigurationPlatforms) = postSolution
		{A7110701-EF24-4233-9753-D15D84F37270}.Debug|Any CPU.ActiveCfg = Debug|Any CPU
		{A7110701-EF24-4233-9753-D15D84F37270}.Debug|Any CPU.Build.0 = Debug|Any CPU
		{A7110701-EF24-4233-9753-D15D84F37270}.Release|Any CPU.ActiveCfg = Release|Any CPU
		{A7110701-EF24-4233-9753-D15D84F37270}.Release|Any CPU.Build.0 = Release|Any CPU
	EndGlobalSection
	GlobalSection(SolutionProperties) = preSolution
		HideSolutionNode = FALSE
	EndGlobalSection
	GlobalSection(ExtensibilityGlobals) = postSolution
		SolutionGuid = {D125542A-D8A2-4DB3-A2D1-F5E2E1DD272D}
	EndGlobalSection
EndGlobal
